# @generated by Move, please check-in and do not edit manually.

[move]
version = 3
manifest_digest = "0AD1078019163D66AC3399FA8F8215D98AACEA99BC4CA26BFE842919DF23A212"
deps_digest = "3C4103934B1E040BB6B23F1D610B4EF9F2F1166A50A104EADCF77467C004C600"
dependencies = [
  { id = "AccountExtensions", name = "AccountExtensions" },
  { id = "Sui", name = "Sui" },
]

[[move.package]]
id = "AccountExtensions"
source = { local = "../extensions" }

dependencies = [
  { id = "Sui", name = "Sui" },
]

[[move.package]]
id = "MoveStdlib"
source = { git = "https://github.com/MystenLabs/sui.git", rev = "framework/mainnet", subdir = "crates/sui-framework/packages/move-stdlib" }

[[move.package]]
id = "Sui"
source = { git = "https://github.com/MystenLabs/sui.git", rev = "framework/mainnet", subdir = "crates/sui-framework/packages/sui-framework" }

dependencies = [
  { id = "MoveStdlib", name = "MoveStdlib" },
]

[move.toolchain-version]
compiler-version = "1.42.2"
edition = "2024.beta"
flavor = "sui"

[env]

[env.localnet]
chain-id = "5be3743f"
original-published-id = "0x73d97d8c0d12d6edc7f40ec9025eefb04bc7207e9ed22ac7f354939ecbaa7b2c"
latest-published-id = "0x73d97d8c0d12d6edc7f40ec9025eefb04bc7207e9ed22ac7f354939ecbaa7b2c"
published-version = "1"
